
Microsoft Visual Studio Solution File, Format Version 12.00
# Visual Studio 2013
VisualStudioVersion = 12.0.30723.0
MinimumVisualStudioVersion = 10.0.40219.1
Project("{FAE04EC0-301F-11D3-BF4B-00C04F79EFBC}") = "Bank", "Bank\Bank.csproj", "{1DE5F72A-0834-426B-B994-7338A518875F}"
EndProject
Project("{FAE04EC0-301F-11D3-BF4B-00C04F79EFBC}") = "BankTests", "BankTests\BankTests.csproj", "{24265677-218E-4515-904B-94E1FE0F3595}"
EndProject
Global
	GlobalSection(SolutionConfigurationPlatforms) = preSolution
		Debug|Any CPU = Debug|Any CPU
		Release|Any CPU = Release|Any CPU
	EndGlobalSection
	GlobalSection(ProjectConfigurationPlatforms) = postSolution
		{1DE5F72A-0834-426B-B994-7338A518875F}.Debug|Any CPU.ActiveCfg = Debug|Any CPU
		{1DE5F72A-0834-426B-B994-7338A518875F}.Debug|Any CPU.Build.0 = Debug|Any CPU
		{1DE5F72A-0834-426B-B994-7338A518875F}.Release|Any CPU.ActiveCfg = Release|Any CPU
		{1DE5F72A-0834-426B-B994-7338A518875F}.Release|Any CPU.Build.0 = Release|Any CPU
		{24265677-218E-4515-904B-94E1FE0F3595}.Debug|Any CPU.ActiveCfg = Debug|Any CPU
		{24265677-218E-4515-904B-94E1FE0F3595}.Debug|Any CPU.Build.0 = Debug|Any CPU
		{24265677-218E-4515-904B-94E1FE0F3595}.Release|Any CPU.ActiveCfg = Release|Any CPU
		{24265677-218E-4515-904B-94E1FE0F3595}.Release|Any CPU.Build.0 = Release|Any CPU
	EndGlobalSection
	GlobalSection(SolutionProperties) = preSolution
		HideSolutionNode = FALSE
	EndGlobalSection
EndGlobal
